
Microsoft Visual Studio Solution File, Format Version 12.00
# Visual Studio Version 17
VisualStudioVersion = 17.2.32526.322
MinimumVisualStudioVersion = 10.0.40219.1
Project("{FAE04EC0-301F-11D3-BF4B-00C04F79EFBC}") = "AnimeApi", "AnimeApi\AnimeApi.csproj", "{C2B0B7D5-8776-4135-8653-730F9C381E97}"
EndProject
Global
	GlobalSection(SolutionConfigurationPlatforms) = preSolution
		Debug|Any CPU = Debug|Any CPU
		Release|Any CPU = Release|Any CPU
	EndGlobalSection
	GlobalSection(ProjectConfigurationPlatforms) = postSolution
		{C2B0B7D5-8776-4135-8653-730F9C381E97}.Debug|Any CPU.ActiveCfg = Debug|Any CPU
		{C2B0B7D5-8776-4135-8653-730F9C381E97}.Debug|Any CPU.Build.0 = Debug|Any CPU
		{C2B0B7D5-8776-4135-8653-730F9C381E97}.Release|Any CPU.ActiveCfg = Release|Any CPU
		{C2B0B7D5-8776-4135-8653-730F9C381E97}.Release|Any CPU.Build.0 = Release|Any CPU
	EndGlobalSection
	GlobalSection(SolutionProperties) = preSolution
		HideSolutionNode = FALSE
	EndGlobalSection
	GlobalSection(ExtensibilityGlobals) = postSolution
		SolutionGuid = {EE5234EB-25EA-413E-BC10-FABADC5A3B68}
	EndGlobalSection
EndGlobal
